
Microsoft Visual Studio Solution File, Format Version 12.00
# Visual Studio Version 16
VisualStudioVersion = 16.0.31911.196
MinimumVisualStudioVersion = 10.0.40219.1
Project("{FAE04EC0-301F-11D3-BF4B-00C04F79EFBC}") = "DBS_project", "DBS_project.csproj", "{5AFF103E-A188-4532-99F2-05791F7273A0}"
EndProject
Global
	GlobalSection(SolutionConfigurationPlatforms) = preSolution
		Debug|Any CPU = Debug|Any CPU
		Release|Any CPU = Release|Any CPU
	EndGlobalSection
	GlobalSection(ProjectConfigurationPlatforms) = postSolution
		{5AFF103E-A188-4532-99F2-05791F7273A0}.Debug|Any CPU.ActiveCfg = Debug|Any CPU
		{5AFF103E-A188-4532-99F2-05791F7273A0}.Debug|Any CPU.Build.0 = Debug|Any CPU
		{5AFF103E-A188-4532-99F2-05791F7273A0}.Release|Any CPU.ActiveCfg = Release|Any CPU
		{5AFF103E-A188-4532-99F2-05791F7273A0}.Release|Any CPU.Build.0 = Release|Any CPU
	EndGlobalSection
	GlobalSection(SolutionProperties) = preSolution
		HideSolutionNode = FALSE
	EndGlobalSection
	GlobalSection(ExtensibilityGlobals) = postSolution
		SolutionGuid = {69F2B66C-A9F6-4ED0-A9ED-A96802358754}
	EndGlobalSection
EndGlobal
